
Microsoft Visual Studio Solution File, Format Version 12.00
# Visual Studio Version 17
VisualStudioVersion = 17.5.002.0
MinimumVisualStudioVersion = 10.0.40219.1
Project("{9A19103F-16F7-4668-BE54-9A1E7A4F7556}") = "PlacementTestMangement.Client", "Client\PlacementTestMangement.Client.csproj", "{CD3BEEB9-EF86-43F0-9DA4-4299911D9C87}"
EndProject
Project("{9A19103F-16F7-4668-BE54-9A1E7A4F7556}") = "PlacementTestMangement.Server", "Server\PlacementTestMangement.Server.csproj", "{97F9271C-BCC8-4D22-8F9B-3BECEF3E05A6}"
EndProject
Project("{9A19103F-16F7-4668-BE54-9A1E7A4F7556}") = "PlacementTestMangement.Shared", "Shared\PlacementTestMangement.Shared.csproj", "{0D292F32-C6EE-4549-B6C3-7DEB074EF3FD}"
EndProject
Global
	GlobalSection(SolutionConfigurationPlatforms) = preSolution
		Debug|Any CPU = Debug|Any CPU
		Release|Any CPU = Release|Any CPU
	EndGlobalSection
	GlobalSection(ProjectConfigurationPlatforms) = postSolution
		{CD3BEEB9-EF86-43F0-9DA4-4299911D9C87}.Debug|Any CPU.ActiveCfg = Debug|Any CPU
		{CD3BEEB9-EF86-43F0-9DA4-4299911D9C87}.Debug|Any CPU.Build.0 = Debug|Any CPU
		{CD3BEEB9-EF86-43F0-9DA4-4299911D9C87}.Release|Any CPU.ActiveCfg = Release|Any CPU
		{CD3BEEB9-EF86-43F0-9DA4-4299911D9C87}.Release|Any CPU.Build.0 = Release|Any CPU
		{97F9271C-BCC8-4D22-8F9B-3BECEF3E05A6}.Debug|Any CPU.ActiveCfg = Debug|Any CPU
		{97F9271C-BCC8-4D22-8F9B-3BECEF3E05A6}.Debug|Any CPU.Build.0 = Debug|Any CPU
		{97F9271C-BCC8-4D22-8F9B-3BECEF3E05A6}.Release|Any CPU.ActiveCfg = Release|Any CPU
		{97F9271C-BCC8-4D22-8F9B-3BECEF3E05A6}.Release|Any CPU.Build.0 = Release|Any CPU
		{0D292F32-C6EE-4549-B6C3-7DEB074EF3FD}.Debug|Any CPU.ActiveCfg = Debug|Any CPU
		{0D292F32-C6EE-4549-B6C3-7DEB074EF3FD}.Debug|Any CPU.Build.0 = Debug|Any CPU
		{0D292F32-C6EE-4549-B6C3-7DEB074EF3FD}.Release|Any CPU.ActiveCfg = Release|Any CPU
		{0D292F32-C6EE-4549-B6C3-7DEB074EF3FD}.Release|Any CPU.Build.0 = Release|Any CPU
	EndGlobalSection
	GlobalSection(SolutionProperties) = preSolution
		HideSolutionNode = FALSE
	EndGlobalSection
	GlobalSection(ExtensibilityGlobals) = postSolution
		SolutionGuid = {C643041C-B8E7-4298-8DB6-F812CB5FDDA7}
	EndGlobalSection
EndGlobal
